{
  "nodes": {
    "nixpkgs": {
      "locked": {
        "lastModified": 1764521362,
        "narHash": "sha256-M101xMtWdF1eSD0xhiR8nG8CXRlHmv6V+VoY65Smwf4=",
        "owner": "nixos",
        "repo": "nixpkgs",
        "rev": "871b9fd269ff6246794583ce4ee1031e1da71895",
        "type": "github"
      },
      "original": {
        "owner": "nixos",
        "ref": "25.11",
        "repo": "nixpkgs",
        "type": "github"
      }
    },
    "root": {
      "inputs": {
        "utils": "utils"
      }
    },
    "utils": {
      "inputs": {
        "nixpkgs": "nixpkgs"
      },
      "locked": {
        "lastModified": 1764541878,
        "narHash": "sha256-cBob3xTeIyQ5au8Du9pE21HBYE6AoFQWgtjd2a86Ylc=",
        "owner": "NewDawn0",
        "repo": "nixUtils",
        "rev": "457b59349d911519903a0f0c34c943cf019651e8",
        "type": "github"
      },
      "original": {
        "owner": "NewDawn0",
        "repo": "nixUtils",
        "type": "github"
      }
    }
  },
  "root": "root",
  "version": 7
}
